// !$*UTF8*$!
{
	archiveVersion = 1;
	classes = {
	};
	objectVersion = 50;
	objects = {

/* Begin PBXBuildFile section */
		846EFEAE24207A2E002FAC01 /* AppDelegate.swift in Sources */ = {isa = PBXBuildFile; fileRef = 846EFEAD24207A2E002FAC01 /* AppDelegate.swift */; };
		846EFEB024207A2E002FAC01 /* SceneDelegate.swift in Sources */ = {isa = PBXBuildFile; fileRef = 846EFEAF24207A2E002FAC01 /* SceneDelegate.swift */; };
		846EFEB224207A2E002FAC01 /* ViewController.swift in Sources */ = {isa = PBXBuildFile; fileRef = 846EFEB124207A2E002FAC01 /* ViewController.swift */; };
		846EFEB524207A2E002FAC01 /* Main.storyboard in Resources */ = {isa = PBXBuildFile; fileRef = 846EFEB324207A2E002FAC01 /* Main.storyboard */; };
		846EFEB724207A30002FAC01 /* Assets.xcassets in Resources */ = {isa = PBXBuildFile; fileRef = 846EFEB624207A30002FAC01 /* Assets.xcassets */; };
		846EFEBA24207A30002FAC01 /* LaunchScreen.storyboard in Resources */ = {isa = PBXBuildFile; fileRef = 846EFEB824207A30002FAC01 /* LaunchScreen.storyboard */; };
/* End PBXBuildFile section */

/* Begin PBXFileReference section */
		846EFEAA24207A2E002FAC01 /* CuteCalculator.app */ = {isa = PBXFileReference; explicitFileType = wrapper.application; includeInIndex = 0; path = CuteCalculator.app; sourceTree = BUILT_PRODUCTS_DIR; };
		846EFEAD24207A2E002FAC01 /* AppDelegate.swift */ = {isa = PBXFileReference; lastKnownFileType = sourcecode.swift; path = AppDelegate.swift; sourceTree = "<group>"; };
		846EFEAF24207A2E002FAC01 /* SceneDelegate.swift */ = {isa = PBXFileReference; lastKnownFileType = sourcecode.swift; path = SceneDelegate.swift; sourceTree = "<group>"; };
		846EFEB124207A2E002FAC01 /* ViewController.swift */ = {isa = PBXFileReference; lastKnownFileType = sourcecode.swift; path = ViewController.swift; sourceTree = "<group>"; };
		846EFEB424207A2E002FAC01 /* Base */ = {isa = PBXFileReference; lastKnownFileType = file.storyboard; name = Base; path = Base.lproj/Main.storyboard; sourceTree = "<group>"; };
		846EFEB624207A30002FAC01 /* Assets.xcassets */ = {isa = PBXFileReference; lastKnownFileType = folder.assetcatalog; path = Assets.xcassets; sourceTree = "<group>"; };
		846EFEB924207A30002FAC01 /* Base */ = {isa = PBXFileReference; lastKnownFileType = file.storyboard; name = Base; path = Base.lproj/LaunchScreen.storyboard; sourceTree = "<group>"; };
		846EFEBB24207A30002FAC01 /* Info.plist */ = {isa = PBXFileReference; lastKnownFileType = text.plist.xml; path = Info.plist; sourceTree = "<group>"; };
/* End PBXFileReference section */

/* Begin PBXFrameworksBuildPhase section */
		846EFEA724207A2E002FAC01 /* Frameworks */ = {
			isa = PBXFrameworksBuildPhase;
			buildActionMask = 2147483647;
			files = (
			);
			runOnlyForDeploymentPostprocessing = 0;
		};
/* End PBXFrameworksBuildPhase section */

/* Begin PBXGroup section */
		846EFEA124207A2E002FAC01 = {
			isa = PBXGroup;
			children = (
				846EFEAC24207A2E002FAC01 /* CuteCalculator */,
				846EFEAB24207A2E002FAC01 /* Products */,
			);
			sourceTree = "<group>";
		};
		846EFEAB24207A2E002FAC01 /* Products */ = {
			isa = PBXGroup;
			children = (
				846EFEAA24207A2E002FAC01 /* CuteCalculator.app */,
			);
			name = Products;
			sourceTree = "<group>";
		};
		846EFEAC24207A2E002FAC01 /* CuteCalculator */ = {
			isa = PBXGroup;
			children = (
				846EFEAD24207A2E002FAC01 /* AppDelegate.swift */,
				846EFEAF24207A2E002FAC01 /* SceneDelegate.swift */,
				846EFEB124207A2E002FAC01 /* ViewController.swift */,
				846EFEB324207A2E002FAC01 /* Main.storyboard */,
				846EFEB624207A30002FAC01 /* Assets.xcassets */,
				846EFEB824207A30002FAC01 /* LaunchScreen.storyboard */,
				846EFEBB24207A30002FAC01 /* Info.plist */,
			);
			path = CuteCalculator;
			sourceTree = "<group>";
		};
/* End PBXGroup section */

/* Begin PBXNativeTarget section */
		846EFEA924207A2E002FAC01 /* CuteCalculator */ = {
			isa = PBXNativeTarget;
			buildConfigurationList = 846EFEBE24207A30002FAC01 /* Build configuration list for PBXNativeTarget "CuteCalculator" */;
			buildPhases = (
				846EFEA624207A2E002FAC01 /* Sources */,
				846EFEA724207A2E002FAC01 /* Frameworks */,
				846EFEA824207A2E002FAC01 /* Resources */,
			);
			buildRules = (
			);
			dependencies = (
			);
			name = CuteCalculator;
			productName = CuteCalculator;
			productReference = 846EFEAA24207A2E002FAC01 /* CuteCalculator.app */;
			productType = "com.apple.product-type.application";
		};
/* End PBXNativeTarget section */

/* Begin PBXProject section */
		846EFEA224207A2E002FAC01 /* Project object */ = {
			isa = PBXProject;
			attributes = {
				LastSwiftUpdateCheck = 1130;
				LastUpgradeCheck = 1130;
				ORGANIZATIONNAME = Kingsley;
				TargetAttributes = {
					846EFEA924207A2E002FAC01 = {
						CreatedOnToolsVersion = 11.3;
					};
				};
			};
			buildConfigurationList = 846EFEA524207A2E002FAC01 /* Build configuration list for PBXProject "CuteCalculator" */;
			compatibilityVersion = "Xcode 9.3";
			developmentRegion = en;
			hasScannedForEncodings = 0;
			knownRegions = (
				en,
				Base,
			);
			mainGroup = 846EFEA124207A2E002FAC01;
			productRefGroup = 846EFEAB24207A2E002FAC01 /* Products */;
			projectDirPath = "";
			projectRoot = "";
			targets = (
				846EFEA924207A2E002FAC01 /* CuteCalculator */,
			);
		};
/* End PBXProject section */

/* Begin PBXResourcesBuildPhase section */
		846EFEA824207A2E002FAC01 /* Resources */ = {
			isa = PBXResourcesBuildPhase;
			buildActionMask = 2147483647;
			files = (
				846EFEBA24207A30002FAC01 /* LaunchScreen.storyboard in Resources */,
				846EFEB724207A30002FAC01 /* Assets.xcassets in Resources */,
				846EFEB524207A2E002FAC01 /* Main.storyboard in Resources */,
			);
			runOnlyForDeploymentPostprocessing = 0;
		};
/* End PBXResourcesBuildPhase section */

/* Begin PBXSourcesBuildPhase section */
		846EFEA624207A2E002FAC01 /* Sources */ = {
			isa = PBXSourcesBuildPhase;
			buildActionMask = 2147483647;
			files = (
				846EFEB224207A2E002FAC01 /* ViewController.swift in Sources */,
				846EFEAE24207A2E002FAC01 /* AppDelegate.swift in Sources */,
				846EFEB024207A2E002FAC01 /* SceneDelegate.swift in Sources */,
			);
			runOnlyForDeploymentPostprocessing = 0;
		};
/* End PBXSourcesBuildPhase section */

/* Begin PBXVariantGroup section */
		846EFEB324207A2E002FAC01 /* Main.storyboard */ = {
			isa = PBXVariantGroup;
			children = (
				846EFEB424207A2E002FAC01 /* Base */,
			);
			name = Main.storyboard;
			sourceTree = "<group>";
		};
		846EFEB824207A30002FAC01 /* LaunchScreen.storyboard */ = {
			isa = PBXVariantGroup;
			children = (
				846EFEB924207A30002FAC01 /* Base */,
			);
			name = LaunchScreen.storyboard;
			sourceTree = "<group>";
		};
/* End PBXVariantGroup section */

/* Begin XCBuildConfiguration section */
		846EFEBC24207A30002FAC01 /* Debug */ = {
			isa = XCBuildConfiguration;
			buildSettings = {
				ALWAYS_SEARCH_USER_PATHS = NO;
				CLANG_ANALYZER_NONNULL = YES;
				CLANG_ANALYZER_NUMBER_OBJECT_CONVERSION = YES_AGGRESSIVE;
				CLANG_CXX_LANGUAGE_STANDARD = "gnu++14";
				CLANG_CXX_LIBRARY = "libc++";
				CLANG_ENABLE_MODULES = YES;
				CLANG_ENABLE_OBJC_ARC = YES;
				CLANG_ENABLE_OBJC_WEAK = YES;
				CLANG_WARN_BLOCK_CAPTURE_AUTORELEASING = YES;
				CLANG_WARN_BOOL_CONVERSION = YES;
				CLANG_WARN_COMMA = YES;
				CLANG_WARN_CONSTANT_CONVERSION = YES;
				CLANG_WARN_DEPRECATED_OBJC_IMPLEMENTATIONS = YES;
				CLANG_WARN_DIRECT_OBJC_ISA_USAGE = YES_ERROR;
				CLANG_WARN_DOCUMENTATION_COMMENTS = YES;
				CLANG_WARN_EMPTY_BODY = YES;
				CLANG_WARN_ENUM_CONVERSION = YES;
				CLANG_WARN_INFINITE_RECURSION = YES;
				CLANG_WARN_INT_CONVERSION = YES;
				CLANG_WARN_NON_LITERAL_NULL_CONVERSION = YES;
				CLANG_WARN_OBJC_IMPLICIT_RETAIN_SELF = YES;
				CLANG_WARN_OBJC_LITERAL_CONVERSION = YES;
				CLANG_WARN_OBJC_ROOT_CLASS = YES_ERROR;
				CLANG_WARN_RANGE_LOOP_ANALYSIS = YES;
				CLANG_WARN_STRICT_PROTOTYPES = YES;
				CLANG_WARN_SUSPICIOUS_MOVE = YES;
				CLANG_WARN_UNGUARDED_AVAILABILITY = YES_AGGRESSIVE;
				CLANG_WARN_UNREACHABLE_CODE = YES;
				CLANG_WARN__DUPLICATE_METHOD_MATCH = YES;
				COPY_PHASE_STRIP = NO;
				DEBUG_INFORMATION_FORMAT = dwarf;
				ENABLE_STRICT_OBJC_MSGSEND = YES;
				ENABLE_TESTABILITY = YES;
				GCC_C_LANGUAGE_STANDARD = gnu11;
				GCC_DYNAMIC_NO_PIC = NO;
				GCC_NO_COMMON_BLOCKS = YES;
				GCC_OPTIMIZATION_LEVEL = 0;
				GCC_PREPROCESSOR_DEFINITIONS = (
					"DEBUG=1",
					"$(inherited)",
				);
				GCC_WARN_64_TO_32_BIT_CONVERSION = YES;
				GCC_WARN_ABOUT_RETURN_TYPE = YES_ERROR;
				GCC_WARN_UNDECLARED_SELECTOR = YES;
				GCC_WARN_UNINITIALIZED_AUTOS = YES_AGGRESSIVE;
				GCC_WARN_UNUSED_FUNCTION = YES;
				GCC_WARN_UNUSED_VARIABLE = YES;
				IPHONEOS_DEPLOYMENT_TARGET = 13.2;
				MTL_ENABLE_DEBUG_INFO = INCLUDE_SOURCE;
				MTL_FAST_MATH = YES;
				ONLY_ACTIVE_ARCH = YES;
				SDKROOT = iphoneos;
				SWIFT_ACTIVE_COMPILATION_CONDITIONS = DEBUG;
				SWIFT_OPTIMIZATION_LEVEL = "-Onone";
			};
			name = Debug;
		};
		846EFEBD24207A30002FAC01 /* Release */ = {
			isa = XCBuildConfiguration;
			buildSettings = {
				ALWAYS_SEARCH_USER_PATHS = NO;
				CLANG_ANALYZER_NONNULL = YES;
				CLANG_ANALYZER_NUMBER_OBJECT_CONVERSION = YES_AGGRESSIVE;
				CLANG_CXX_LANGUAGE_STANDARD = "gnu++14";
				CLANG_CXX_LIBRARY = "libc++";
				CLANG_ENABLE_MODULES = YES;
				CLANG_ENABLE_OBJC_ARC = YES;
				CLANG_ENABLE_OBJC_WEAK = YES;
				CLANG_WARN_BLOCK_CAPTURE_AUTORELEASING = YES;
				CLANG_WARN_BOOL_CONVERSION = YES;
				CLANG_WARN_COMMA = YES;
				CLANG_WARN_CONSTANT_CONVERSION = YES;
				CLANG_WARN_DEPRECATED_OBJC_IMPLEMENTATIONS = YES;
				CLANG_WARN_DIRECT_OBJC_ISA_USAGE = YES_ERROR;
				CLANG_WARN_DOCUMENTATION_COMMENTS = YES;
				CLANG_WARN_EMPTY_BODY = YES;
				CLANG_WARN_ENUM_CONVERSION = YES;
				CLANG_WARN_INFINITE_RECURSION = YES;
				CLANG_WARN_INT_CONVERSION = YES;
				CLANG_WARN_NON_LITERAL_NULL_CONVERSION = YES;
				CLANG_WARN_OBJC_IMPLICIT_RETAIN_SELF = YES;
				CLANG_WARN_OBJC_LITERAL_CONVERSION = YES;
				CLANG_WARN_OBJC_ROOT_CLASS = YES_ERROR;
				CLANG_WARN_RANGE_LOOP_ANALYSIS = YES;
				CLANG_WARN_STRICT_PROTOTYPES = YES;
				CLANG_WARN_SUSPICIOUS_MOVE = YES;
				CLANG_WARN_UNGUARDED_AVAILABILITY = YES_AGGRESSIVE;
				CLANG_WARN_UNREACHABLE_CODE = YES;
				CLANG_WARN__DUPLICATE_METHOD_MATCH = YES;
				COPY_PHASE_STRIP = NO;
				DEBUG_INFORMATION_FORMAT = "dwarf-with-dsym";
				ENABLE_NS_ASSERTIONS = NO;
				ENABLE_STRICT_OBJC_MSGSEND = YES;
				GCC_C_LANGUAGE_STANDARD = gnu11;
				GCC_NO_COMMON_BLOCKS = YES;
				GCC_WARN_64_TO_32_BIT_CONVERSION = YES;
				GCC_WARN_ABOUT_RETURN_TYPE = YES_ERROR;
				GCC_WARN_UNDECLARED_SELECTOR = YES;
				GCC_WARN_UNINITIALIZED_AUTOS = YES_AGGRESSIVE;
				GCC_WARN_UNUSED_FUNCTION = YES;
				GCC_WARN_UNUSED_VARIABLE = YES;
				IPHONEOS_DEPLOYMENT_TARGET = 13.2;
				MTL_ENABLE_DEBUG_INFO = NO;
				MTL_FAST_MATH = YES;
				SDKROOT = iphoneos;
				SWIFT_COMPILATION_MODE = wholemodule;
				SWIFT_OPTIMIZATION_LEVEL = "-O";
				VALIDATE_PRODUCT = YES;
			};
			name = Release;
		};
		846EFEBF24207A30002FAC01 /* Debug */ = {
			isa = XCBuildConfiguration;
			buildSettings = {
				ASSETCATALOG_COMPILER_APPICON_NAME = AppIcon;
				CODE_SIGN_STYLE = Automatic;
				INFOPLIST_FILE = CuteCalculator/Info.plist;
				LD_RUNPATH_SEARCH_PATHS = (
					"$(inherited)",
					"@executable_path/Frameworks",
				);
				PRODUCT_BUNDLE_IDENTIFIER = Kingsley.CuteCalculator;
				PRODUCT_NAME = "$(TARGET_NAME)";
				SWIFT_VERSION = 5.0;
				TARGETED_DEVICE_FAMILY = "1,2";
			};
			name = Debug;
		};
		846EFEC024207A30002FAC01 /* Release */ = {
			isa = XCBuildConfiguration;
			buildSettings = {
				ASSETCATALOG_COMPILER_APPICON_NAME = AppIcon;
				CODE_SIGN_STYLE = Automatic;
				INFOPLIST_FILE = CuteCalculator/Info.plist;
				LD_RUNPATH_SEARCH_PATHS = (
					"$(inherited)",
					"@executable_path/Frameworks",
				);
				PRODUCT_BUNDLE_IDENTIFIER = Kingsley.CuteCalculator;
				PRODUCT_NAME = "$(TARGET_NAME)";
				SWIFT_VERSION = 5.0;
				TARGETED_DEVICE_FAMILY = "1,2";
			};
			name = Release;
		};
/* End XCBuildConfiguration section */

/* Begin XCConfigurationList section */
		846EFEA524207A2E002FAC01 /* Build configuration list for PBXProject "CuteCalculator" */ = {
			isa = XCConfigurationList;
			buildConfigurations = (
				846EFEBC24207A30002FAC01 /* Debug */,
				846EFEBD24207A30002FAC01 /* Release */,
			);
			defaultConfigurationIsVisible = 0;
			defaultConfigurationName = Release;
		};
		846EFEBE24207A30002FAC01 /* Build configuration list for PBXNativeTarget "CuteCalculator" */ = {
			isa = XCConfigurationList;
			buildConfigurations = (
				846EFEBF24207A30002FAC01 /* Debug */,
				846EFEC024207A30002FAC01 /* Release */,
			);
			defaultConfigurationIsVisible = 0;
			defaultConfigurationName = Release;
		};
/* End XCConfigurationList section */
	};
	rootObject = 846EFEA224207A2E002FAC01 /* Project object */;
}
